
Microsoft Visual Studio Solution File, Format Version 12.00
# Visual Studio Version 17
VisualStudioVersion = 17.6.33829.357
MinimumVisualStudioVersion = 10.0.40219.1
Project("{FAE04EC0-301F-11D3-BF4B-00C04F79EFBC}") = "RisXpert", "RisXpert\RisXpert.csproj", "{A6CA24D3-7F43-49BD-A4C2-21825CFEC304}"
EndProject
Global
	GlobalSection(SolutionConfigurationPlatforms) = preSolution
		Debug|Any CPU = Debug|Any CPU
		Release|Any CPU = Release|Any CPU
	EndGlobalSection
	GlobalSection(ProjectConfigurationPlatforms) = postSolution
		{A6CA24D3-7F43-49BD-A4C2-21825CFEC304}.Debug|Any CPU.ActiveCfg = Debug|Any CPU
		{A6CA24D3-7F43-49BD-A4C2-21825CFEC304}.Debug|Any CPU.Build.0 = Debug|Any CPU
		{A6CA24D3-7F43-49BD-A4C2-21825CFEC304}.Release|Any CPU.ActiveCfg = Release|Any CPU
		{A6CA24D3-7F43-49BD-A4C2-21825CFEC304}.Release|Any CPU.Build.0 = Release|Any CPU
	EndGlobalSection
	GlobalSection(SolutionProperties) = preSolution
		HideSolutionNode = FALSE
	EndGlobalSection
	GlobalSection(ExtensibilityGlobals) = postSolution
		SolutionGuid = {C86CCD16-AB95-4794-B666-EB37E33B0BCE}
	EndGlobalSection
EndGlobal
